
Microsoft Visual Studio Solution File, Format Version 12.00
# Visual Studio Version 17
VisualStudioVersion = 17.11.34909.67
MinimumVisualStudioVersion = 10.0.40219.1
Project("{8BC9CEB8-8B4A-11D0-8D11-00A0C91BC942}") = "UM", "UM\UM.vcxproj", "{E6A69EFA-3A4E-4B84-A018-E8034E50A5AF}"
EndProject
Project("{8BC9CEB8-8B4A-11D0-8D11-00A0C91BC942}") = "KM", "KM\KM.vcxproj", "{59072A72-32B5-4685-A969-112C894F4B42}"
EndProject
Global
	GlobalSection(SolutionConfigurationPlatforms) = preSolution
		Debug|ARM64 = Debug|ARM64
		Debug|x64 = Debug|x64
		Debug|x86 = Debug|x86
		Release|ARM64 = Release|ARM64
		Release|x64 = Release|x64
		Release|x86 = Release|x86
	EndGlobalSection
	GlobalSection(ProjectConfigurationPlatforms) = postSolution
		{E6A69EFA-3A4E-4B84-A018-E8034E50A5AF}.Debug|ARM64.ActiveCfg = Debug|x64
		{E6A69EFA-3A4E-4B84-A018-E8034E50A5AF}.Debug|ARM64.Build.0 = Debug|x64
		{E6A69EFA-3A4E-4B84-A018-E8034E50A5AF}.Debug|x64.ActiveCfg = Debug|x64
		{E6A69EFA-3A4E-4B84-A018-E8034E50A5AF}.Debug|x64.Build.0 = Debug|x64
		{E6A69EFA-3A4E-4B84-A018-E8034E50A5AF}.Debug|x86.ActiveCfg = Debug|Win32
		{E6A69EFA-3A4E-4B84-A018-E8034E50A5AF}.Debug|x86.Build.0 = Debug|Win32
		{E6A69EFA-3A4E-4B84-A018-E8034E50A5AF}.Release|ARM64.ActiveCfg = Release|x64
		{E6A69EFA-3A4E-4B84-A018-E8034E50A5AF}.Release|ARM64.Build.0 = Release|x64
		{E6A69EFA-3A4E-4B84-A018-E8034E50A5AF}.Release|x64.ActiveCfg = Release|x64
		{E6A69EFA-3A4E-4B84-A018-E8034E50A5AF}.Release|x64.Build.0 = Release|x64
		{E6A69EFA-3A4E-4B84-A018-E8034E50A5AF}.Release|x86.ActiveCfg = Release|Win32
		{E6A69EFA-3A4E-4B84-A018-E8034E50A5AF}.Release|x86.Build.0 = Release|Win32
		{59072A72-32B5-4685-A969-112C894F4B42}.Debug|ARM64.ActiveCfg = Debug|ARM64
		{59072A72-32B5-4685-A969-112C894F4B42}.Debug|ARM64.Build.0 = Debug|ARM64
		{59072A72-32B5-4685-A969-112C894F4B42}.Debug|ARM64.Deploy.0 = Debug|ARM64
		{59072A72-32B5-4685-A969-112C894F4B42}.Debug|x64.ActiveCfg = Debug|x64
		{59072A72-32B5-4685-A969-112C894F4B42}.Debug|x64.Build.0 = Debug|x64
		{59072A72-32B5-4685-A969-112C894F4B42}.Debug|x64.Deploy.0 = Debug|x64
		{59072A72-32B5-4685-A969-112C894F4B42}.Debug|x86.ActiveCfg = Debug|x64
		{59072A72-32B5-4685-A969-112C894F4B42}.Debug|x86.Build.0 = Debug|x64
		{59072A72-32B5-4685-A969-112C894F4B42}.Debug|x86.Deploy.0 = Debug|x64
		{59072A72-32B5-4685-A969-112C894F4B42}.Release|ARM64.ActiveCfg = Release|ARM64
		{59072A72-32B5-4685-A969-112C894F4B42}.Release|ARM64.Build.0 = Release|ARM64
		{59072A72-32B5-4685-A969-112C894F4B42}.Release|ARM64.Deploy.0 = Release|ARM64
		{59072A72-32B5-4685-A969-112C894F4B42}.Release|x64.ActiveCfg = Release|x64
		{59072A72-32B5-4685-A969-112C894F4B42}.Release|x64.Build.0 = Release|x64
		{59072A72-32B5-4685-A969-112C894F4B42}.Release|x64.Deploy.0 = Release|x64
		{59072A72-32B5-4685-A969-112C894F4B42}.Release|x86.ActiveCfg = Release|x64
		{59072A72-32B5-4685-A969-112C894F4B42}.Release|x86.Build.0 = Release|x64
		{59072A72-32B5-4685-A969-112C894F4B42}.Release|x86.Deploy.0 = Release|x64
	EndGlobalSection
	GlobalSection(SolutionProperties) = preSolution
		HideSolutionNode = FALSE
	EndGlobalSection
	GlobalSection(ExtensibilityGlobals) = postSolution
		SolutionGuid = {51F08119-BDA1-47BA-9AE0-91421E347004}
	EndGlobalSection
EndGlobal
